// !$*UTF8*$!
{
	archiveVersion = 1;
	classes = {
	};
	objectVersion = 56;
	objects = {

/* Begin PBXBuildFile section */
		5D00F23F2A3DE7B90015F2C1 /* SignUpViewController.swift in Sources */ = {isa = PBXBuildFile; fileRef = 5D00F23E2A3DE7B90015F2C1 /* SignUpViewController.swift */; };
		5D059DBD2A3DD76B0026ACE7 /* AppDelegate.swift in Sources */ = {isa = PBXBuildFile; fileRef = 5D059DBC2A3DD76B0026ACE7 /* AppDelegate.swift */; };
		5D059DBF2A3DD76B0026ACE7 /* SceneDelegate.swift in Sources */ = {isa = PBXBuildFile; fileRef = 5D059DBE2A3DD76B0026ACE7 /* SceneDelegate.swift */; };
		5D059DC42A3DD76B0026ACE7 /* Main.storyboard in Resources */ = {isa = PBXBuildFile; fileRef = 5D059DC22A3DD76B0026ACE7 /* Main.storyboard */; };
		5D059DC62A3DD76C0026ACE7 /* Assets.xcassets in Resources */ = {isa = PBXBuildFile; fileRef = 5D059DC52A3DD76C0026ACE7 /* Assets.xcassets */; };
		5D059DC92A3DD76C0026ACE7 /* LaunchScreen.storyboard in Resources */ = {isa = PBXBuildFile; fileRef = 5D059DC72A3DD76C0026ACE7 /* LaunchScreen.storyboard */; };
		5D059DD12A3DD7940026ACE7 /* LoginViewController.swift in Sources */ = {isa = PBXBuildFile; fileRef = 5D059DD02A3DD7940026ACE7 /* LoginViewController.swift */; };
		5D32BBEE2A3DF19200036417 /* PostTableViewCell.swift in Sources */ = {isa = PBXBuildFile; fileRef = 5D32BBED2A3DF19200036417 /* PostTableViewCell.swift */; };
		5D32BBF02A3DFBD800036417 /* PostViewController.swift in Sources */ = {isa = PBXBuildFile; fileRef = 5D32BBEF2A3DFBD800036417 /* PostViewController.swift */; };
		5D32BBF22A3DFBE300036417 /* ProfileViewController.swift in Sources */ = {isa = PBXBuildFile; fileRef = 5D32BBF12A3DFBE300036417 /* ProfileViewController.swift */; };
		5D32BBF42A3E05F400036417 /* MyPostTableViewCell.swift in Sources */ = {isa = PBXBuildFile; fileRef = 5D32BBF32A3E05F400036417 /* MyPostTableViewCell.swift */; };
		5DFAC7FD2A3DEC6600B774AC /* MainViewController.swift in Sources */ = {isa = PBXBuildFile; fileRef = 5DFAC7FC2A3DEC6600B774AC /* MainViewController.swift */; };
/* End PBXBuildFile section */

/* Begin PBXFileReference section */
		5D00F23E2A3DE7B90015F2C1 /* SignUpViewController.swift */ = {isa = PBXFileReference; lastKnownFileType = sourcecode.swift; path = SignUpViewController.swift; sourceTree = "<group>"; };
		5D059DB92A3DD76B0026ACE7 /* ios-sns.app */ = {isa = PBXFileReference; explicitFileType = wrapper.application; includeInIndex = 0; path = "ios-sns.app"; sourceTree = BUILT_PRODUCTS_DIR; };
		5D059DBC2A3DD76B0026ACE7 /* AppDelegate.swift */ = {isa = PBXFileReference; lastKnownFileType = sourcecode.swift; path = AppDelegate.swift; sourceTree = "<group>"; };
		5D059DBE2A3DD76B0026ACE7 /* SceneDelegate.swift */ = {isa = PBXFileReference; lastKnownFileType = sourcecode.swift; path = SceneDelegate.swift; sourceTree = "<group>"; };
		5D059DC32A3DD76B0026ACE7 /* Base */ = {isa = PBXFileReference; lastKnownFileType = file.storyboard; name = Base; path = Base.lproj/Main.storyboard; sourceTree = "<group>"; };
		5D059DC52A3DD76C0026ACE7 /* Assets.xcassets */ = {isa = PBXFileReference; lastKnownFileType = folder.assetcatalog; path = Assets.xcassets; sourceTree = "<group>"; };
		5D059DC82A3DD76C0026ACE7 /* Base */ = {isa = PBXFileReference; lastKnownFileType = file.storyboard; name = Base; path = Base.lproj/LaunchScreen.storyboard; sourceTree = "<group>"; };
		5D059DCA2A3DD76C0026ACE7 /* Info.plist */ = {isa = PBXFileReference; lastKnownFileType = text.plist.xml; path = Info.plist; sourceTree = "<group>"; };
		5D059DD02A3DD7940026ACE7 /* LoginViewController.swift */ = {isa = PBXFileReference; lastKnownFileType = sourcecode.swift; path = LoginViewController.swift; sourceTree = "<group>"; };
		5D32BBED2A3DF19200036417 /* PostTableViewCell.swift */ = {isa = PBXFileReference; lastKnownFileType = sourcecode.swift; path = PostTableViewCell.swift; sourceTree = "<group>"; };
		5D32BBEF2A3DFBD800036417 /* PostViewController.swift */ = {isa = PBXFileReference; lastKnownFileType = sourcecode.swift; path = PostViewController.swift; sourceTree = "<group>"; };
		5D32BBF12A3DFBE300036417 /* ProfileViewController.swift */ = {isa = PBXFileReference; lastKnownFileType = sourcecode.swift; path = ProfileViewController.swift; sourceTree = "<group>"; };
		5D32BBF32A3E05F400036417 /* MyPostTableViewCell.swift */ = {isa = PBXFileReference; lastKnownFileType = sourcecode.swift; path = MyPostTableViewCell.swift; sourceTree = "<group>"; };
		5DFAC7FC2A3DEC6600B774AC /* MainViewController.swift */ = {isa = PBXFileReference; lastKnownFileType = sourcecode.swift; path = MainViewController.swift; sourceTree = "<group>"; };
/* End PBXFileReference section */

/* Begin PBXFrameworksBuildPhase section */
		5D059DB62A3DD76B0026ACE7 /* Frameworks */ = {
			isa = PBXFrameworksBuildPhase;
			buildActionMask = 2147483647;
			files = (
			);
			runOnlyForDeploymentPostprocessing = 0;
		};
/* End PBXFrameworksBuildPhase section */

/* Begin PBXGroup section */
		5D059DB02A3DD76B0026ACE7 = {
			isa = PBXGroup;
			children = (
				5D059DBB2A3DD76B0026ACE7 /* ios-sns */,
				5D059DBA2A3DD76B0026ACE7 /* Products */,
			);
			sourceTree = "<group>";
		};
		5D059DBA2A3DD76B0026ACE7 /* Products */ = {
			isa = PBXGroup;
			children = (
				5D059DB92A3DD76B0026ACE7 /* ios-sns.app */,
			);
			name = Products;
			sourceTree = "<group>";
		};
		5D059DBB2A3DD76B0026ACE7 /* ios-sns */ = {
			isa = PBXGroup;
			children = (
				5D059DBC2A3DD76B0026ACE7 /* AppDelegate.swift */,
				5D059DBE2A3DD76B0026ACE7 /* SceneDelegate.swift */,
				5D059DC22A3DD76B0026ACE7 /* Main.storyboard */,
				5D059DC52A3DD76C0026ACE7 /* Assets.xcassets */,
				5D059DC72A3DD76C0026ACE7 /* LaunchScreen.storyboard */,
				5D059DCA2A3DD76C0026ACE7 /* Info.plist */,
				5D059DD02A3DD7940026ACE7 /* LoginViewController.swift */,
				5D00F23E2A3DE7B90015F2C1 /* SignUpViewController.swift */,
				5DFAC7FC2A3DEC6600B774AC /* MainViewController.swift */,
				5D32BBED2A3DF19200036417 /* PostTableViewCell.swift */,
				5D32BBEF2A3DFBD800036417 /* PostViewController.swift */,
				5D32BBF12A3DFBE300036417 /* ProfileViewController.swift */,
				5D32BBF32A3E05F400036417 /* MyPostTableViewCell.swift */,
			);
			path = "ios-sns";
			sourceTree = "<group>";
		};
/* End PBXGroup section */

/* Begin PBXNativeTarget section */
		5D059DB82A3DD76B0026ACE7 /* ios-sns */ = {
			isa = PBXNativeTarget;
			buildConfigurationList = 5D059DCD2A3DD76C0026ACE7 /* Build configuration list for PBXNativeTarget "ios-sns" */;
			buildPhases = (
				5D059DB52A3DD76B0026ACE7 /* Sources */,
				5D059DB62A3DD76B0026ACE7 /* Frameworks */,
				5D059DB72A3DD76B0026ACE7 /* Resources */,
			);
			buildRules = (
			);
			dependencies = (
			);
			name = "ios-sns";
			productName = "ios-sns";
			productReference = 5D059DB92A3DD76B0026ACE7 /* ios-sns.app */;
			productType = "com.apple.product-type.application";
		};
/* End PBXNativeTarget section */

/* Begin PBXProject section */
		5D059DB12A3DD76B0026ACE7 /* Project object */ = {
			isa = PBXProject;
			attributes = {
				BuildIndependentTargetsInParallel = 1;
				LastSwiftUpdateCheck = 1400;
				LastUpgradeCheck = 1400;
				TargetAttributes = {
					5D059DB82A3DD76B0026ACE7 = {
						CreatedOnToolsVersion = 14.0.1;
					};
				};
			};
			buildConfigurationList = 5D059DB42A3DD76B0026ACE7 /* Build configuration list for PBXProject "ios-sns" */;
			compatibilityVersion = "Xcode 14.0";
			developmentRegion = en;
			hasScannedForEncodings = 0;
			knownRegions = (
				en,
				Base,
			);
			mainGroup = 5D059DB02A3DD76B0026ACE7;
			productRefGroup = 5D059DBA2A3DD76B0026ACE7 /* Products */;
			projectDirPath = "";
			projectRoot = "";
			targets = (
				5D059DB82A3DD76B0026ACE7 /* ios-sns */,
			);
		};
/* End PBXProject section */

/* Begin PBXResourcesBuildPhase section */
		5D059DB72A3DD76B0026ACE7 /* Resources */ = {
			isa = PBXResourcesBuildPhase;
			buildActionMask = 2147483647;
			files = (
				5D059DC92A3DD76C0026ACE7 /* LaunchScreen.storyboard in Resources */,
				5D059DC62A3DD76C0026ACE7 /* Assets.xcassets in Resources */,
				5D059DC42A3DD76B0026ACE7 /* Main.storyboard in Resources */,
			);
			runOnlyForDeploymentPostprocessing = 0;
		};
/* End PBXResourcesBuildPhase section */

/* Begin PBXSourcesBuildPhase section */
		5D059DB52A3DD76B0026ACE7 /* Sources */ = {
			isa = PBXSourcesBuildPhase;
			buildActionMask = 2147483647;
			files = (
				5D059DD12A3DD7940026ACE7 /* LoginViewController.swift in Sources */,
				5D059DBD2A3DD76B0026ACE7 /* AppDelegate.swift in Sources */,
				5D32BBF02A3DFBD800036417 /* PostViewController.swift in Sources */,
				5D32BBF42A3E05F400036417 /* MyPostTableViewCell.swift in Sources */,
				5D00F23F2A3DE7B90015F2C1 /* SignUpViewController.swift in Sources */,
				5D059DBF2A3DD76B0026ACE7 /* SceneDelegate.swift in Sources */,
				5DFAC7FD2A3DEC6600B774AC /* MainViewController.swift in Sources */,
				5D32BBF22A3DFBE300036417 /* ProfileViewController.swift in Sources */,
				5D32BBEE2A3DF19200036417 /* PostTableViewCell.swift in Sources */,
			);
			runOnlyForDeploymentPostprocessing = 0;
		};
/* End PBXSourcesBuildPhase section */

/* Begin PBXVariantGroup section */
		5D059DC22A3DD76B0026ACE7 /* Main.storyboard */ = {
			isa = PBXVariantGroup;
			children = (
				5D059DC32A3DD76B0026ACE7 /* Base */,
			);
			name = Main.storyboard;
			sourceTree = "<group>";
		};
		5D059DC72A3DD76C0026ACE7 /* LaunchScreen.storyboard */ = {
			isa = PBXVariantGroup;
			children = (
				5D059DC82A3DD76C0026ACE7 /* Base */,
			);
			name = LaunchScreen.storyboard;
			sourceTree = "<group>";
		};
/* End PBXVariantGroup section */

/* Begin XCBuildConfiguration section */
		5D059DCB2A3DD76C0026ACE7 /* Debug */ = {
			isa = XCBuildConfiguration;
			buildSettings = {
				ALWAYS_SEARCH_USER_PATHS = NO;
				CLANG_ANALYZER_NONNULL = YES;
				CLANG_ANALYZER_NUMBER_OBJECT_CONVERSION = YES_AGGRESSIVE;
				CLANG_CXX_LANGUAGE_STANDARD = "gnu++20";
				CLANG_ENABLE_MODULES = YES;
				CLANG_ENABLE_OBJC_ARC = YES;
				CLANG_ENABLE_OBJC_WEAK = YES;
				CLANG_WARN_BLOCK_CAPTURE_AUTORELEASING = YES;
				CLANG_WARN_BOOL_CONVERSION = YES;
				CLANG_WARN_COMMA = YES;
				CLANG_WARN_CONSTANT_CONVERSION = YES;
				CLANG_WARN_DEPRECATED_OBJC_IMPLEMENTATIONS = YES;
				CLANG_WARN_DIRECT_OBJC_ISA_USAGE = YES_ERROR;
				CLANG_WARN_DOCUMENTATION_COMMENTS = YES;
				CLANG_WARN_EMPTY_BODY = YES;
				CLANG_WARN_ENUM_CONVERSION = YES;
				CLANG_WARN_INFINITE_RECURSION = YES;
				CLANG_WARN_INT_CONVERSION = YES;
				CLANG_WARN_NON_LITERAL_NULL_CONVERSION = YES;
				CLANG_WARN_OBJC_IMPLICIT_RETAIN_SELF = YES;
				CLANG_WARN_OBJC_LITERAL_CONVERSION = YES;
				CLANG_WARN_OBJC_ROOT_CLASS = YES_ERROR;
				CLANG_WARN_QUOTED_INCLUDE_IN_FRAMEWORK_HEADER = YES;
				CLANG_WARN_RANGE_LOOP_ANALYSIS = YES;
				CLANG_WARN_STRICT_PROTOTYPES = YES;
				CLANG_WARN_SUSPICIOUS_MOVE = YES;
				CLANG_WARN_UNGUARDED_AVAILABILITY = YES_AGGRESSIVE;
				CLANG_WARN_UNREACHABLE_CODE = YES;
				CLANG_WARN__DUPLICATE_METHOD_MATCH = YES;
				COPY_PHASE_STRIP = NO;
				DEBUG_INFORMATION_FORMAT = dwarf;
				ENABLE_STRICT_OBJC_MSGSEND = YES;
				ENABLE_TESTABILITY = YES;
				GCC_C_LANGUAGE_STANDARD = gnu11;
				GCC_DYNAMIC_NO_PIC = NO;
				GCC_NO_COMMON_BLOCKS = YES;
				GCC_OPTIMIZATION_LEVEL = 0;
				GCC_PREPROCESSOR_DEFINITIONS = (
					"DEBUG=1",
					"$(inherited)",
				);
				GCC_WARN_64_TO_32_BIT_CONVERSION = YES;
				GCC_WARN_ABOUT_RETURN_TYPE = YES_ERROR;
				GCC_WARN_UNDECLARED_SELECTOR = YES;
				GCC_WARN_UNINITIALIZED_AUTOS = YES_AGGRESSIVE;
				GCC_WARN_UNUSED_FUNCTION = YES;
				GCC_WARN_UNUSED_VARIABLE = YES;
				IPHONEOS_DEPLOYMENT_TARGET = 16.0;
				MTL_ENABLE_DEBUG_INFO = INCLUDE_SOURCE;
				MTL_FAST_MATH = YES;
				ONLY_ACTIVE_ARCH = YES;
				SDKROOT = iphoneos;
				SWIFT_ACTIVE_COMPILATION_CONDITIONS = DEBUG;
				SWIFT_OPTIMIZATION_LEVEL = "-Onone";
			};
			name = Debug;
		};
		5D059DCC2A3DD76C0026ACE7 /* Release */ = {
			isa = XCBuildConfiguration;
			buildSettings = {
				ALWAYS_SEARCH_USER_PATHS = NO;
				CLANG_ANALYZER_NONNULL = YES;
				CLANG_ANALYZER_NUMBER_OBJECT_CONVERSION = YES_AGGRESSIVE;
				CLANG_CXX_LANGUAGE_STANDARD = "gnu++20";
				CLANG_ENABLE_MODULES = YES;
				CLANG_ENABLE_OBJC_ARC = YES;
				CLANG_ENABLE_OBJC_WEAK = YES;
				CLANG_WARN_BLOCK_CAPTURE_AUTORELEASING = YES;
				CLANG_WARN_BOOL_CONVERSION = YES;
				CLANG_WARN_COMMA = YES;
				CLANG_WARN_CONSTANT_CONVERSION = YES;
				CLANG_WARN_DEPRECATED_OBJC_IMPLEMENTATIONS = YES;
				CLANG_WARN_DIRECT_OBJC_ISA_USAGE = YES_ERROR;
				CLANG_WARN_DOCUMENTATION_COMMENTS = YES;
				CLANG_WARN_EMPTY_BODY = YES;
				CLANG_WARN_ENUM_CONVERSION = YES;
				CLANG_WARN_INFINITE_RECURSION = YES;
				CLANG_WARN_INT_CONVERSION = YES;
				CLANG_WARN_NON_LITERAL_NULL_CONVERSION = YES;
				CLANG_WARN_OBJC_IMPLICIT_RETAIN_SELF = YES;
				CLANG_WARN_OBJC_LITERAL_CONVERSION = YES;
				CLANG_WARN_OBJC_ROOT_CLASS = YES_ERROR;
				CLANG_WARN_QUOTED_INCLUDE_IN_FRAMEWORK_HEADER = YES;
				CLANG_WARN_RANGE_LOOP_ANALYSIS = YES;
				CLANG_WARN_STRICT_PROTOTYPES = YES;
				CLANG_WARN_SUSPICIOUS_MOVE = YES;
				CLANG_WARN_UNGUARDED_AVAILABILITY = YES_AGGRESSIVE;
				CLANG_WARN_UNREACHABLE_CODE = YES;
				CLANG_WARN__DUPLICATE_METHOD_MATCH = YES;
				COPY_PHASE_STRIP = NO;
				DEBUG_INFORMATION_FORMAT = "dwarf-with-dsym";
				ENABLE_NS_ASSERTIONS = NO;
				ENABLE_STRICT_OBJC_MSGSEND = YES;
				GCC_C_LANGUAGE_STANDARD = gnu11;
				GCC_NO_COMMON_BLOCKS = YES;
				GCC_WARN_64_TO_32_BIT_CONVERSION = YES;
				GCC_WARN_ABOUT_RETURN_TYPE = YES_ERROR;
				GCC_WARN_UNDECLARED_SELECTOR = YES;
				GCC_WARN_UNINITIALIZED_AUTOS = YES_AGGRESSIVE;
				GCC_WARN_UNUSED_FUNCTION = YES;
				GCC_WARN_UNUSED_VARIABLE = YES;
				IPHONEOS_DEPLOYMENT_TARGET = 16.0;
				MTL_ENABLE_DEBUG_INFO = NO;
				MTL_FAST_MATH = YES;
				SDKROOT = iphoneos;
				SWIFT_COMPILATION_MODE = wholemodule;
				SWIFT_OPTIMIZATION_LEVEL = "-O";
				VALIDATE_PRODUCT = YES;
			};
			name = Release;
		};
		5D059DCE2A3DD76C0026ACE7 /* Debug */ = {
			isa = XCBuildConfiguration;
			buildSettings = {
				ASSETCATALOG_COMPILER_APPICON_NAME = AppIcon;
				ASSETCATALOG_COMPILER_GLOBAL_ACCENT_COLOR_NAME = AccentColor;
				CODE_SIGN_STYLE = Automatic;
				CURRENT_PROJECT_VERSION = 1;
				GENERATE_INFOPLIST_FILE = YES;
				INFOPLIST_FILE = "ios-sns/Info.plist";
				INFOPLIST_KEY_UIApplicationSupportsIndirectInputEvents = YES;
				INFOPLIST_KEY_UILaunchStoryboardName = LaunchScreen;
				INFOPLIST_KEY_UIMainStoryboardFile = Main;
				INFOPLIST_KEY_UISupportedInterfaceOrientations_iPad = "UIInterfaceOrientationPortrait UIInterfaceOrientationPortraitUpsideDown UIInterfaceOrientationLandscapeLeft UIInterfaceOrientationLandscapeRight";
				INFOPLIST_KEY_UISupportedInterfaceOrientations_iPhone = "UIInterfaceOrientationPortrait UIInterfaceOrientationLandscapeLeft UIInterfaceOrientationLandscapeRight";
				LD_RUNPATH_SEARCH_PATHS = (
					"$(inherited)",
					"@executable_path/Frameworks",
				);
				MARKETING_VERSION = 1.0;
				PRODUCT_BUNDLE_IDENTIFIER = "mimi.ios-sns";
				PRODUCT_NAME = "$(TARGET_NAME)";
				SWIFT_EMIT_LOC_STRINGS = YES;
				SWIFT_VERSION = 5.0;
				TARGETED_DEVICE_FAMILY = "1,2";
			};
			name = Debug;
		};
		5D059DCF2A3DD76C0026ACE7 /* Release */ = {
			isa = XCBuildConfiguration;
			buildSettings = {
				ASSETCATALOG_COMPILER_APPICON_NAME = AppIcon;
				ASSETCATALOG_COMPILER_GLOBAL_ACCENT_COLOR_NAME = AccentColor;
				CODE_SIGN_STYLE = Automatic;
				CURRENT_PROJECT_VERSION = 1;
				GENERATE_INFOPLIST_FILE = YES;
				INFOPLIST_FILE = "ios-sns/Info.plist";
				INFOPLIST_KEY_UIApplicationSupportsIndirectInputEvents = YES;
				INFOPLIST_KEY_UILaunchStoryboardName = LaunchScreen;
				INFOPLIST_KEY_UIMainStoryboardFile = Main;
				INFOPLIST_KEY_UISupportedInterfaceOrientations_iPad = "UIInterfaceOrientationPortrait UIInterfaceOrientationPortraitUpsideDown UIInterfaceOrientationLandscapeLeft UIInterfaceOrientationLandscapeRight";
				INFOPLIST_KEY_UISupportedInterfaceOrientations_iPhone = "UIInterfaceOrientationPortrait UIInterfaceOrientationLandscapeLeft UIInterfaceOrientationLandscapeRight";
				LD_RUNPATH_SEARCH_PATHS = (
					"$(inherited)",
					"@executable_path/Frameworks",
				);
				MARKETING_VERSION = 1.0;
				PRODUCT_BUNDLE_IDENTIFIER = "mimi.ios-sns";
				PRODUCT_NAME = "$(TARGET_NAME)";
				SWIFT_EMIT_LOC_STRINGS = YES;
				SWIFT_VERSION = 5.0;
				TARGETED_DEVICE_FAMILY = "1,2";
			};
			name = Release;
		};
/* End XCBuildConfiguration section */

/* Begin XCConfigurationList section */
		5D059DB42A3DD76B0026ACE7 /* Build configuration list for PBXProject "ios-sns" */ = {
			isa = XCConfigurationList;
			buildConfigurations = (
				5D059DCB2A3DD76C0026ACE7 /* Debug */,
				5D059DCC2A3DD76C0026ACE7 /* Release */,
			);
			defaultConfigurationIsVisible = 0;
			defaultConfigurationName = Release;
		};
		5D059DCD2A3DD76C0026ACE7 /* Build configuration list for PBXNativeTarget "ios-sns" */ = {
			isa = XCConfigurationList;
			buildConfigurations = (
				5D059DCE2A3DD76C0026ACE7 /* Debug */,
				5D059DCF2A3DD76C0026ACE7 /* Release */,
			);
			defaultConfigurationIsVisible = 0;
			defaultConfigurationName = Release;
		};
/* End XCConfigurationList section */
	};
	rootObject = 5D059DB12A3DD76B0026ACE7 /* Project object */;
}
